
Microsoft Visual Studio Solution File, Format Version 12.00
# Visual Studio Version 16
VisualStudioVersion = 16.0.29509.3
MinimumVisualStudioVersion = 10.0.40219.1
Project("{9A19103F-16F7-4668-BE54-9A1E7A4F7556}") = "Wpf", "Wpf\Wpf.csproj", "{F266181E-6D69-47AB-8B17-29EA368F0776}"
EndProject
Project("{9A19103F-16F7-4668-BE54-9A1E7A4F7556}") = "ClassLibrary", "ClassLibrary\ClassLibrary.csproj", "{A68EC8D5-0FCE-4A85-9A4E-D0B870A6B5C4}"
EndProject
Project("{FAE04EC0-301F-11D3-BF4B-00C04F79EFBC}") = "DataAccess", "DataAccess\DataAccess.csproj", "{CBF736D1-CF1D-4712-8B00-515D65EA3156}"
EndProject
Global
	GlobalSection(SolutionConfigurationPlatforms) = preSolution
		Debug|Any CPU = Debug|Any CPU
		Release|Any CPU = Release|Any CPU
	EndGlobalSection
	GlobalSection(ProjectConfigurationPlatforms) = postSolution
		{F266181E-6D69-47AB-8B17-29EA368F0776}.Debug|Any CPU.ActiveCfg = Debug|Any CPU
		{F266181E-6D69-47AB-8B17-29EA368F0776}.Debug|Any CPU.Build.0 = Debug|Any CPU
		{F266181E-6D69-47AB-8B17-29EA368F0776}.Release|Any CPU.ActiveCfg = Release|Any CPU
		{F266181E-6D69-47AB-8B17-29EA368F0776}.Release|Any CPU.Build.0 = Release|Any CPU
		{A68EC8D5-0FCE-4A85-9A4E-D0B870A6B5C4}.Debug|Any CPU.ActiveCfg = Debug|Any CPU
		{A68EC8D5-0FCE-4A85-9A4E-D0B870A6B5C4}.Debug|Any CPU.Build.0 = Debug|Any CPU
		{A68EC8D5-0FCE-4A85-9A4E-D0B870A6B5C4}.Release|Any CPU.ActiveCfg = Release|Any CPU
		{A68EC8D5-0FCE-4A85-9A4E-D0B870A6B5C4}.Release|Any CPU.Build.0 = Release|Any CPU
		{CBF736D1-CF1D-4712-8B00-515D65EA3156}.Debug|Any CPU.ActiveCfg = Debug|Any CPU
		{CBF736D1-CF1D-4712-8B00-515D65EA3156}.Debug|Any CPU.Build.0 = Debug|Any CPU
		{CBF736D1-CF1D-4712-8B00-515D65EA3156}.Release|Any CPU.ActiveCfg = Release|Any CPU
		{CBF736D1-CF1D-4712-8B00-515D65EA3156}.Release|Any CPU.Build.0 = Release|Any CPU
	EndGlobalSection
	GlobalSection(SolutionProperties) = preSolution
		HideSolutionNode = FALSE
	EndGlobalSection
	GlobalSection(ExtensibilityGlobals) = postSolution
		SolutionGuid = {E294A5B8-7A4A-47D5-A567-004D0ECD6A40}
	EndGlobalSection
EndGlobal
